
Microsoft Visual Studio Solution File, Format Version 12.00
# Visual Studio Version 17
VisualStudioVersion = 17.2.32210.308
MinimumVisualStudioVersion = 10.0.40219.1
Project("{FAE04EC0-301F-11D3-BF4B-00C04F79EFBC}") = "HWRDemo", "HWRDemo\HWRDemo.csproj", "{DB92CAA2-A9DE-4B15-92B4-6D2B2AEE61D8}"
EndProject
Global
	GlobalSection(SolutionConfigurationPlatforms) = preSolution
		Debug|Any CPU = Debug|Any CPU
		Release|Any CPU = Release|Any CPU
	EndGlobalSection
	GlobalSection(ProjectConfigurationPlatforms) = postSolution
		{DB92CAA2-A9DE-4B15-92B4-6D2B2AEE61D8}.Debug|Any CPU.ActiveCfg = Debug|Any CPU
		{DB92CAA2-A9DE-4B15-92B4-6D2B2AEE61D8}.Debug|Any CPU.Build.0 = Debug|Any CPU
		{DB92CAA2-A9DE-4B15-92B4-6D2B2AEE61D8}.Release|Any CPU.ActiveCfg = Release|Any CPU
		{DB92CAA2-A9DE-4B15-92B4-6D2B2AEE61D8}.Release|Any CPU.Build.0 = Release|Any CPU
	EndGlobalSection
	GlobalSection(SolutionProperties) = preSolution
		HideSolutionNode = FALSE
	EndGlobalSection
	GlobalSection(ExtensibilityGlobals) = postSolution
		SolutionGuid = {83EDA09C-5553-46E1-A667-B835B8F09046}
	EndGlobalSection
EndGlobal
